
Microsoft Visual Studio Solution File, Format Version 12.00
# Visual Studio Version 16
VisualStudioVersion = 16.0.30907.101
MinimumVisualStudioVersion = 10.0.40219.1
Project("{8BC9CEB8-8B4A-11D0-8D11-00A0C91BC942}") = "Project Battleship", "Project Battleship\Project Battleship.vcxproj", "{A7190F36-4081-487E-8752-94013CBBB90F}"
EndProject
Global
	GlobalSection(SolutionConfigurationPlatforms) = preSolution
		Debug|x64 = Debug|x64
		Debug|x86 = Debug|x86
		Release|x64 = Release|x64
		Release|x86 = Release|x86
	EndGlobalSection
	GlobalSection(ProjectConfigurationPlatforms) = postSolution
		{A7190F36-4081-487E-8752-94013CBBB90F}.Debug|x64.ActiveCfg = Debug|x64
		{A7190F36-4081-487E-8752-94013CBBB90F}.Debug|x64.Build.0 = Debug|x64
		{A7190F36-4081-487E-8752-94013CBBB90F}.Debug|x86.ActiveCfg = Debug|Win32
		{A7190F36-4081-487E-8752-94013CBBB90F}.Debug|x86.Build.0 = Debug|Win32
		{A7190F36-4081-487E-8752-94013CBBB90F}.Release|x64.ActiveCfg = Release|x64
		{A7190F36-4081-487E-8752-94013CBBB90F}.Release|x64.Build.0 = Release|x64
		{A7190F36-4081-487E-8752-94013CBBB90F}.Release|x86.ActiveCfg = Release|Win32
		{A7190F36-4081-487E-8752-94013CBBB90F}.Release|x86.Build.0 = Release|Win32
	EndGlobalSection
	GlobalSection(SolutionProperties) = preSolution
		HideSolutionNode = FALSE
	EndGlobalSection
	GlobalSection(ExtensibilityGlobals) = postSolution
		SolutionGuid = {86A1271D-BE62-4D37-96FD-1E7633044E3C}
	EndGlobalSection
EndGlobal
